<?xml version="1.0" encoding="utf-8"?>
<Project ToolsVersion="4.0" xmlns="http://schemas.microsoft.com/developer/msbuild/2003">
  <ItemGroup>
    <ClCompile Include="AffichageMenu.h" />
    <ClCompile Include="AffichageMenuDefFct.c" />
    <ClCompile Include="ecranDefFct.c" />
    <ClCompile Include="jeu.c" />
    <ClCompile Include="main.c" />
    <ClCompile Include="quitterJeuDefFct.c" />
    <ClCompile Include="placementTexte.h" />
    <ClCompile Include="placementTexteDefFCT.c" />
    <ClCompile Include="ceQuiDoitEtreFree.c" />
    <ClCompile Include="liens.c" />
    <ClCompile Include="regles.c" />
    <ClCompile Include="difficulte.c" />
    <ClCompile Include="gererPartie.c" />
  </ItemGroup>
  <ItemGroup>
    <ClInclude Include="ecran.h" />
    <ClInclude Include="jeu.h" />
    <ClInclude Include="quitterJeu.h" />
    <ClInclude Include="scores.h" />
    <ClInclude Include="gererParties.h" />
  </ItemGroup>
</Project>